
Microsoft Visual Studio Solution File, Format Version 12.00
# Visual Studio Version 17
VisualStudioVersion = 17.0.31903.59
MinimumVisualStudioVersion = 10.0.40219.1
Project("{2150E333-8FDC-42A3-9474-1A3956D46DE8}") = "services", "services", "{5854FF58-B8C5-05C6-5BF2-ACE42193F22B}"
EndProject
Project("{2150E333-8FDC-42A3-9474-1A3956D46DE8}") = "UserService", "UserService", "{BB9B0570-D764-F740-A1C1-3444BA1D5022}"
EndProject
Project("{2150E333-8FDC-42A3-9474-1A3956D46DE8}") = "backend", "backend", "{5002970B-BE58-688D-20C2-D71B833702B1}"
EndProject
Project("{2150E333-8FDC-42A3-9474-1A3956D46DE8}") = "src", "src", "{94E759DC-BACD-D2EC-2AB2-043BCBA15433}"
EndProject
Project("{FAE04EC0-301F-11D3-BF4B-00C04F79EFBC}") = "UserService.API", "services\UserService\backend\src\UserService.API\UserService.API.csproj", "{00B24371-8340-405E-BD09-09D453BB6CDE}"
EndProject
Project("{2150E333-8FDC-42A3-9474-1A3956D46DE8}") = "CleanArchitecture", "CleanArchitecture", "{BC07404F-6DDC-0C57-DB92-8148AF7BD240}"
EndProject
Project("{2150E333-8FDC-42A3-9474-1A3956D46DE8}") = "backend", "backend", "{FCADC618-F082-D542-9AAF-62D5EDF86497}"
EndProject
Project("{2150E333-8FDC-42A3-9474-1A3956D46DE8}") = "src", "src", "{7055A21A-FE1E-EA99-C55F-4F989172C165}"
EndProject
Project("{FAE04EC0-301F-11D3-BF4B-00C04F79EFBC}") = "CleanArcht.API", "services\CleanArchitecture\backend\src\CleanArcht.API\CleanArcht.API.csproj", "{2E2FC4C5-52E9-4103-A2AE-1E6860ACB2CE}"
EndProject
Project("{FAE04EC0-301F-11D3-BF4B-00C04F79EFBC}") = "UserService.Infrastructure", "services\UserService\backend\src\UserService.Infrastructure\UserService.Infrastructure.csproj", "{B8B78F74-3193-4A5C-93BA-274276D98E02}"
EndProject
Project("{FAE04EC0-301F-11D3-BF4B-00C04F79EFBC}") = "UserService.Application", "services\UserService\backend\src\UserService.Application\UserService.Application.csproj", "{82BCE4BF-F210-4653-A4BB-DFD9A40DD5D4}"
EndProject
Project("{FAE04EC0-301F-11D3-BF4B-00C04F79EFBC}") = "UserService.Domain", "services\UserService\backend\src\UserService.Domain\UserService.Domain.csproj", "{F469C400-4F0A-4DD7-9D07-D6FB07469460}"
EndProject
Project("{FAE04EC0-301F-11D3-BF4B-00C04F79EFBC}") = "CleanArcht.Infrastructure", "services\CleanArchitecture\backend\src\CleanArcht.Infrastructure\CleanArcht.Infrastructure.csproj", "{E9989673-E887-458B-A905-A9064A9902A7}"
EndProject
Project("{FAE04EC0-301F-11D3-BF4B-00C04F79EFBC}") = "CleanArcht.Application", "services\CleanArchitecture\backend\src\CleanArcht.Application\CleanArcht.Application.csproj", "{AA3F6316-9DA2-4A80-A2E8-4212B10FC646}"
EndProject
Project("{FAE04EC0-301F-11D3-BF4B-00C04F79EFBC}") = "CleanArcht.Domain", "services\CleanArchitecture\backend\src\CleanArcht.Domain\CleanArcht.Domain.csproj", "{D25E359D-292E-4F43-B31B-875B3DF319A9}"
EndProject
Project("{2150E333-8FDC-42A3-9474-1A3956D46DE8}") = "gateway", "gateway", "{E7BDDBC6-9FD1-D1D7-ACD8-2C4F8E3D2461}"
EndProject
Project("{FAE04EC0-301F-11D3-BF4B-00C04F79EFBC}") = "ApiGateway", "gateway\ApiGateway\ApiGateway.csproj", "{CC10B925-E6EF-42D4-A37E-BCEC9D689700}"
EndProject
Global
	GlobalSection(SolutionConfigurationPlatforms) = preSolution
		Debug|Any CPU = Debug|Any CPU
		Debug|x64 = Debug|x64
		Debug|x86 = Debug|x86
		Release|Any CPU = Release|Any CPU
		Release|x64 = Release|x64
		Release|x86 = Release|x86
	EndGlobalSection
	GlobalSection(ProjectConfigurationPlatforms) = postSolution
		{00B24371-8340-405E-BD09-09D453BB6CDE}.Debug|Any CPU.ActiveCfg = Debug|Any CPU
		{00B24371-8340-405E-BD09-09D453BB6CDE}.Debug|Any CPU.Build.0 = Debug|Any CPU
		{00B24371-8340-405E-BD09-09D453BB6CDE}.Debug|x64.ActiveCfg = Debug|Any CPU
		{00B24371-8340-405E-BD09-09D453BB6CDE}.Debug|x64.Build.0 = Debug|Any CPU
		{00B24371-8340-405E-BD09-09D453BB6CDE}.Debug|x86.ActiveCfg = Debug|Any CPU
		{00B24371-8340-405E-BD09-09D453BB6CDE}.Debug|x86.Build.0 = Debug|Any CPU
		{00B24371-8340-405E-BD09-09D453BB6CDE}.Release|Any CPU.ActiveCfg = Release|Any CPU
		{00B24371-8340-405E-BD09-09D453BB6CDE}.Release|Any CPU.Build.0 = Release|Any CPU
		{00B24371-8340-405E-BD09-09D453BB6CDE}.Release|x64.ActiveCfg = Release|Any CPU
		{00B24371-8340-405E-BD09-09D453BB6CDE}.Release|x64.Build.0 = Release|Any CPU
		{00B24371-8340-405E-BD09-09D453BB6CDE}.Release|x86.ActiveCfg = Release|Any CPU
		{00B24371-8340-405E-BD09-09D453BB6CDE}.Release|x86.Build.0 = Release|Any CPU
		{2E2FC4C5-52E9-4103-A2AE-1E6860ACB2CE}.Debug|Any CPU.ActiveCfg = Debug|Any CPU
		{2E2FC4C5-52E9-4103-A2AE-1E6860ACB2CE}.Debug|Any CPU.Build.0 = Debug|Any CPU
		{2E2FC4C5-52E9-4103-A2AE-1E6860ACB2CE}.Debug|x64.ActiveCfg = Debug|Any CPU
		{2E2FC4C5-52E9-4103-A2AE-1E6860ACB2CE}.Debug|x64.Build.0 = Debug|Any CPU
		{2E2FC4C5-52E9-4103-A2AE-1E6860ACB2CE}.Debug|x86.ActiveCfg = Debug|Any CPU
		{2E2FC4C5-52E9-4103-A2AE-1E6860ACB2CE}.Debug|x86.Build.0 = Debug|Any CPU
		{2E2FC4C5-52E9-4103-A2AE-1E6860ACB2CE}.Release|Any CPU.ActiveCfg = Release|Any CPU
		{2E2FC4C5-52E9-4103-A2AE-1E6860ACB2CE}.Release|Any CPU.Build.0 = Release|Any CPU
		{2E2FC4C5-52E9-4103-A2AE-1E6860ACB2CE}.Release|x64.ActiveCfg = Release|Any CPU
		{2E2FC4C5-52E9-4103-A2AE-1E6860ACB2CE}.Release|x64.Build.0 = Release|Any CPU
		{2E2FC4C5-52E9-4103-A2AE-1E6860ACB2CE}.Release|x86.ActiveCfg = Release|Any CPU
		{2E2FC4C5-52E9-4103-A2AE-1E6860ACB2CE}.Release|x86.Build.0 = Release|Any CPU
		{B8B78F74-3193-4A5C-93BA-274276D98E02}.Debug|Any CPU.ActiveCfg = Debug|Any CPU
		{B8B78F74-3193-4A5C-93BA-274276D98E02}.Debug|Any CPU.Build.0 = Debug|Any CPU
		{B8B78F74-3193-4A5C-93BA-274276D98E02}.Debug|x64.ActiveCfg = Debug|Any CPU
		{B8B78F74-3193-4A5C-93BA-274276D98E02}.Debug|x64.Build.0 = Debug|Any CPU
		{B8B78F74-3193-4A5C-93BA-274276D98E02}.Debug|x86.ActiveCfg = Debug|Any CPU
		{B8B78F74-3193-4A5C-93BA-274276D98E02}.Debug|x86.Build.0 = Debug|Any CPU
		{B8B78F74-3193-4A5C-93BA-274276D98E02}.Release|Any CPU.ActiveCfg = Release|Any CPU
		{B8B78F74-3193-4A5C-93BA-274276D98E02}.Release|Any CPU.Build.0 = Release|Any CPU
		{B8B78F74-3193-4A5C-93BA-274276D98E02}.Release|x64.ActiveCfg = Release|Any CPU
		{B8B78F74-3193-4A5C-93BA-274276D98E02}.Release|x64.Build.0 = Release|Any CPU
		{B8B78F74-3193-4A5C-93BA-274276D98E02}.Release|x86.ActiveCfg = Release|Any CPU
		{B8B78F74-3193-4A5C-93BA-274276D98E02}.Release|x86.Build.0 = Release|Any CPU
		{82BCE4BF-F210-4653-A4BB-DFD9A40DD5D4}.Debug|Any CPU.ActiveCfg = Debug|Any CPU
		{82BCE4BF-F210-4653-A4BB-DFD9A40DD5D4}.Debug|Any CPU.Build.0 = Debug|Any CPU
		{82BCE4BF-F210-4653-A4BB-DFD9A40DD5D4}.Debug|x64.ActiveCfg = Debug|Any CPU
		{82BCE4BF-F210-4653-A4BB-DFD9A40DD5D4}.Debug|x64.Build.0 = Debug|Any CPU
		{82BCE4BF-F210-4653-A4BB-DFD9A40DD5D4}.Debug|x86.ActiveCfg = Debug|Any CPU
		{82BCE4BF-F210-4653-A4BB-DFD9A40DD5D4}.Debug|x86.Build.0 = Debug|Any CPU
		{82BCE4BF-F210-4653-A4BB-DFD9A40DD5D4}.Release|Any CPU.ActiveCfg = Release|Any CPU
		{82BCE4BF-F210-4653-A4BB-DFD9A40DD5D4}.Release|Any CPU.Build.0 = Release|Any CPU
		{82BCE4BF-F210-4653-A4BB-DFD9A40DD5D4}.Release|x64.ActiveCfg = Release|Any CPU
		{82BCE4BF-F210-4653-A4BB-DFD9A40DD5D4}.Release|x64.Build.0 = Release|Any CPU
		{82BCE4BF-F210-4653-A4BB-DFD9A40DD5D4}.Release|x86.ActiveCfg = Release|Any CPU
		{82BCE4BF-F210-4653-A4BB-DFD9A40DD5D4}.Release|x86.Build.0 = Release|Any CPU
		{F469C400-4F0A-4DD7-9D07-D6FB07469460}.Debug|Any CPU.ActiveCfg = Debug|Any CPU
		{F469C400-4F0A-4DD7-9D07-D6FB07469460}.Debug|Any CPU.Build.0 = Debug|Any CPU
		{F469C400-4F0A-4DD7-9D07-D6FB07469460}.Debug|x64.ActiveCfg = Debug|Any CPU
		{F469C400-4F0A-4DD7-9D07-D6FB07469460}.Debug|x64.Build.0 = Debug|Any CPU
		{F469C400-4F0A-4DD7-9D07-D6FB07469460}.Debug|x86.ActiveCfg = Debug|Any CPU
		{F469C400-4F0A-4DD7-9D07-D6FB07469460}.Debug|x86.Build.0 = Debug|Any CPU
		{F469C400-4F0A-4DD7-9D07-D6FB07469460}.Release|Any CPU.ActiveCfg = Release|Any CPU
		{F469C400-4F0A-4DD7-9D07-D6FB07469460}.Release|Any CPU.Build.0 = Release|Any CPU
		{F469C400-4F0A-4DD7-9D07-D6FB07469460}.Release|x64.ActiveCfg = Release|Any CPU
		{F469C400-4F0A-4DD7-9D07-D6FB07469460}.Release|x64.Build.0 = Release|Any CPU
		{F469C400-4F0A-4DD7-9D07-D6FB07469460}.Release|x86.ActiveCfg = Release|Any CPU
		{F469C400-4F0A-4DD7-9D07-D6FB07469460}.Release|x86.Build.0 = Release|Any CPU
		{E9989673-E887-458B-A905-A9064A9902A7}.Debug|Any CPU.ActiveCfg = Debug|Any CPU
		{E9989673-E887-458B-A905-A9064A9902A7}.Debug|Any CPU.Build.0 = Debug|Any CPU
		{E9989673-E887-458B-A905-A9064A9902A7}.Debug|x64.ActiveCfg = Debug|Any CPU
		{E9989673-E887-458B-A905-A9064A9902A7}.Debug|x64.Build.0 = Debug|Any CPU
		{E9989673-E887-458B-A905-A9064A9902A7}.Debug|x86.ActiveCfg = Debug|Any CPU
		{E9989673-E887-458B-A905-A9064A9902A7}.Debug|x86.Build.0 = Debug|Any CPU
		{E9989673-E887-458B-A905-A9064A9902A7}.Release|Any CPU.ActiveCfg = Release|Any CPU
		{E9989673-E887-458B-A905-A9064A9902A7}.Release|Any CPU.Build.0 = Release|Any CPU
		{E9989673-E887-458B-A905-A9064A9902A7}.Release|x64.ActiveCfg = Release|Any CPU
		{E9989673-E887-458B-A905-A9064A9902A7}.Release|x64.Build.0 = Release|Any CPU
		{E9989673-E887-458B-A905-A9064A9902A7}.Release|x86.ActiveCfg = Release|Any CPU
		{E9989673-E887-458B-A905-A9064A9902A7}.Release|x86.Build.0 = Release|Any CPU
		{AA3F6316-9DA2-4A80-A2E8-4212B10FC646}.Debug|Any CPU.ActiveCfg = Debug|Any CPU
		{AA3F6316-9DA2-4A80-A2E8-4212B10FC646}.Debug|Any CPU.Build.0 = Debug|Any CPU
		{AA3F6316-9DA2-4A80-A2E8-4212B10FC646}.Debug|x64.ActiveCfg = Debug|Any CPU
		{AA3F6316-9DA2-4A80-A2E8-4212B10FC646}.Debug|x64.Build.0 = Debug|Any CPU
		{AA3F6316-9DA2-4A80-A2E8-4212B10FC646}.Debug|x86.ActiveCfg = Debug|Any CPU
		{AA3F6316-9DA2-4A80-A2E8-4212B10FC646}.Debug|x86.Build.0 = Debug|Any CPU
		{AA3F6316-9DA2-4A80-A2E8-4212B10FC646}.Release|Any CPU.ActiveCfg = Release|Any CPU
		{AA3F6316-9DA2-4A80-A2E8-4212B10FC646}.Release|Any CPU.Build.0 = Release|Any CPU
		{AA3F6316-9DA2-4A80-A2E8-4212B10FC646}.Release|x64.ActiveCfg = Release|Any CPU
		{AA3F6316-9DA2-4A80-A2E8-4212B10FC646}.Release|x64.Build.0 = Release|Any CPU
		{AA3F6316-9DA2-4A80-A2E8-4212B10FC646}.Release|x86.ActiveCfg = Release|Any CPU
		{AA3F6316-9DA2-4A80-A2E8-4212B10FC646}.Release|x86.Build.0 = Release|Any CPU
		{D25E359D-292E-4F43-B31B-875B3DF319A9}.Debug|Any CPU.ActiveCfg = Debug|Any CPU
		{D25E359D-292E-4F43-B31B-875B3DF319A9}.Debug|Any CPU.Build.0 = Debug|Any CPU
		{D25E359D-292E-4F43-B31B-875B3DF319A9}.Debug|x64.ActiveCfg = Debug|Any CPU
		{D25E359D-292E-4F43-B31B-875B3DF319A9}.Debug|x64.Build.0 = Debug|Any CPU
		{D25E359D-292E-4F43-B31B-875B3DF319A9}.Debug|x86.ActiveCfg = Debug|Any CPU
		{D25E359D-292E-4F43-B31B-875B3DF319A9}.Debug|x86.Build.0 = Debug|Any CPU
		{D25E359D-292E-4F43-B31B-875B3DF319A9}.Release|Any CPU.ActiveCfg = Release|Any CPU
		{D25E359D-292E-4F43-B31B-875B3DF319A9}.Release|Any CPU.Build.0 = Release|Any CPU
		{D25E359D-292E-4F43-B31B-875B3DF319A9}.Release|x64.ActiveCfg = Release|Any CPU
		{D25E359D-292E-4F43-B31B-875B3DF319A9}.Release|x64.Build.0 = Release|Any CPU
		{D25E359D-292E-4F43-B31B-875B3DF319A9}.Release|x86.ActiveCfg = Release|Any CPU
		{D25E359D-292E-4F43-B31B-875B3DF319A9}.Release|x86.Build.0 = Release|Any CPU
		{CC10B925-E6EF-42D4-A37E-BCEC9D689700}.Debug|Any CPU.ActiveCfg = Debug|Any CPU
		{CC10B925-E6EF-42D4-A37E-BCEC9D689700}.Debug|Any CPU.Build.0 = Debug|Any CPU
		{CC10B925-E6EF-42D4-A37E-BCEC9D689700}.Debug|x64.ActiveCfg = Debug|Any CPU
		{CC10B925-E6EF-42D4-A37E-BCEC9D689700}.Debug|x64.Build.0 = Debug|Any CPU
		{CC10B925-E6EF-42D4-A37E-BCEC9D689700}.Debug|x86.ActiveCfg = Debug|Any CPU
		{CC10B925-E6EF-42D4-A37E-BCEC9D689700}.Debug|x86.Build.0 = Debug|Any CPU
		{CC10B925-E6EF-42D4-A37E-BCEC9D689700}.Release|Any CPU.ActiveCfg = Release|Any CPU
		{CC10B925-E6EF-42D4-A37E-BCEC9D689700}.Release|Any CPU.Build.0 = Release|Any CPU
		{CC10B925-E6EF-42D4-A37E-BCEC9D689700}.Release|x64.ActiveCfg = Release|Any CPU
		{CC10B925-E6EF-42D4-A37E-BCEC9D689700}.Release|x64.Build.0 = Release|Any CPU
		{CC10B925-E6EF-42D4-A37E-BCEC9D689700}.Release|x86.ActiveCfg = Release|Any CPU
		{CC10B925-E6EF-42D4-A37E-BCEC9D689700}.Release|x86.Build.0 = Release|Any CPU
	EndGlobalSection
	GlobalSection(SolutionProperties) = preSolution
		HideSolutionNode = FALSE
	EndGlobalSection
	GlobalSection(NestedProjects) = preSolution
		{BB9B0570-D764-F740-A1C1-3444BA1D5022} = {5854FF58-B8C5-05C6-5BF2-ACE42193F22B}
		{5002970B-BE58-688D-20C2-D71B833702B1} = {BB9B0570-D764-F740-A1C1-3444BA1D5022}
		{94E759DC-BACD-D2EC-2AB2-043BCBA15433} = {5002970B-BE58-688D-20C2-D71B833702B1}
		{00B24371-8340-405E-BD09-09D453BB6CDE} = {94E759DC-BACD-D2EC-2AB2-043BCBA15433}
		{BC07404F-6DDC-0C57-DB92-8148AF7BD240} = {5854FF58-B8C5-05C6-5BF2-ACE42193F22B}
		{FCADC618-F082-D542-9AAF-62D5EDF86497} = {BC07404F-6DDC-0C57-DB92-8148AF7BD240}
		{7055A21A-FE1E-EA99-C55F-4F989172C165} = {FCADC618-F082-D542-9AAF-62D5EDF86497}
		{2E2FC4C5-52E9-4103-A2AE-1E6860ACB2CE} = {7055A21A-FE1E-EA99-C55F-4F989172C165}
		{B8B78F74-3193-4A5C-93BA-274276D98E02} = {94E759DC-BACD-D2EC-2AB2-043BCBA15433}
		{82BCE4BF-F210-4653-A4BB-DFD9A40DD5D4} = {94E759DC-BACD-D2EC-2AB2-043BCBA15433}
		{F469C400-4F0A-4DD7-9D07-D6FB07469460} = {94E759DC-BACD-D2EC-2AB2-043BCBA15433}
		{E9989673-E887-458B-A905-A9064A9902A7} = {7055A21A-FE1E-EA99-C55F-4F989172C165}
		{AA3F6316-9DA2-4A80-A2E8-4212B10FC646} = {7055A21A-FE1E-EA99-C55F-4F989172C165}
		{D25E359D-292E-4F43-B31B-875B3DF319A9} = {7055A21A-FE1E-EA99-C55F-4F989172C165}
		{CC10B925-E6EF-42D4-A37E-BCEC9D689700} = {E7BDDBC6-9FD1-D1D7-ACD8-2C4F8E3D2461}
	EndGlobalSection
EndGlobal
